
Microsoft Visual Studio Solution File, Format Version 12.00
# Visual Studio Version 16
VisualStudioVersion = 16.0.30611.23
MinimumVisualStudioVersion = 10.0.40219.1
Project("{FAE04EC0-301F-11D3-BF4B-00C04F79EFBC}") = "Consorcio", "Consorcio\Consorcio.csproj", "{2B5755E6-7A28-4A1E-85B4-B9F392D8A9E3}"
EndProject
Project("{FAE04EC0-301F-11D3-BF4B-00C04F79EFBC}") = "ServicioNegocio", "ServicioNegocio\ServicioNegocio.csproj", "{419ACFF1-3AB6-41B6-8242-CB6B5A4D6E2D}"
EndProject
Global
	GlobalSection(SolutionConfigurationPlatforms) = preSolution
		Debug|Any CPU = Debug|Any CPU
		Release|Any CPU = Release|Any CPU
	EndGlobalSection
	GlobalSection(ProjectConfigurationPlatforms) = postSolution
		{2B5755E6-7A28-4A1E-85B4-B9F392D8A9E3}.Debug|Any CPU.ActiveCfg = Debug|Any CPU
		{2B5755E6-7A28-4A1E-85B4-B9F392D8A9E3}.Debug|Any CPU.Build.0 = Debug|Any CPU
		{2B5755E6-7A28-4A1E-85B4-B9F392D8A9E3}.Release|Any CPU.ActiveCfg = Release|Any CPU
		{2B5755E6-7A28-4A1E-85B4-B9F392D8A9E3}.Release|Any CPU.Build.0 = Release|Any CPU
		{419ACFF1-3AB6-41B6-8242-CB6B5A4D6E2D}.Debug|Any CPU.ActiveCfg = Debug|Any CPU
		{419ACFF1-3AB6-41B6-8242-CB6B5A4D6E2D}.Debug|Any CPU.Build.0 = Debug|Any CPU
		{419ACFF1-3AB6-41B6-8242-CB6B5A4D6E2D}.Release|Any CPU.ActiveCfg = Release|Any CPU
		{419ACFF1-3AB6-41B6-8242-CB6B5A4D6E2D}.Release|Any CPU.Build.0 = Release|Any CPU
	EndGlobalSection
	GlobalSection(SolutionProperties) = preSolution
		HideSolutionNode = FALSE
	EndGlobalSection
	GlobalSection(ExtensibilityGlobals) = postSolution
		SolutionGuid = {DD39A09E-54D8-4031-BD66-04088F9625BB}
	EndGlobalSection
EndGlobal
